// !$*UTF8*$!
{
	archiveVersion = 1;
	classes = {
	};
	objectVersion = 46;
	objects = {

/* Begin PBXBuildFile section */
		3F22DF7B1E7029C3002B8841 /* main.m in Sources */ = {isa = PBXBuildFile; fileRef = 3F22DF7A1E7029C3002B8841 /* main.m */; };
		3F22DF7E1E7029C3002B8841 /* AppDelegate.m in Sources */ = {isa = PBXBuildFile; fileRef = 3F22DF7D1E7029C3002B8841 /* AppDelegate.m */; };
		3F22DF811E7029C3002B8841 /* MainViewController.m in Sources */ = {isa = PBXBuildFile; fileRef = 3F22DF801E7029C3002B8841 /* MainViewController.m */; };
		3F22DF841E7029C3002B8841 /* Main.storyboard in Resources */ = {isa = PBXBuildFile; fileRef = 3F22DF821E7029C3002B8841 /* Main.storyboard */; };
		3F22DF861E7029C3002B8841 /* Assets.xcassets in Resources */ = {isa = PBXBuildFile; fileRef = 3F22DF851E7029C3002B8841 /* Assets.xcassets */; };
		3F22DF891E7029C3002B8841 /* LaunchScreen.storyboard in Resources */ = {isa = PBXBuildFile; fileRef = 3F22DF871E7029C3002B8841 /* LaunchScreen.storyboard */; };
		3F22DF921E7039CB002B8841 /* DataCenter.m in Sources */ = {isa = PBXBuildFile; fileRef = 3F22DF911E7039CB002B8841 /* DataCenter.m */; };
		3F22DF981E707CA8002B8841 /* connect.png in Resources */ = {isa = PBXBuildFile; fileRef = 3F22DF941E707CA8002B8841 /* connect.png */; };
		3F22DF991E707CA8002B8841 /* d10.png in Resources */ = {isa = PBXBuildFile; fileRef = 3F22DF951E707CA8002B8841 /* d10.png */; };
		3F22DF9A1E707CA8002B8841 /* p1.png in Resources */ = {isa = PBXBuildFile; fileRef = 3F22DF961E707CA8002B8841 /* p1.png */; };
		3F22DF9B1E707CA8002B8841 /* p2.png in Resources */ = {isa = PBXBuildFile; fileRef = 3F22DF971E707CA8002B8841 /* p2.png */; };
		3F22DFA31E707CB9002B8841 /* TableViewCell.m in Sources */ = {isa = PBXBuildFile; fileRef = 3F22DF9F1E707CB9002B8841 /* TableViewCell.m */; };
		3F22DFA71E707DCE002B8841 /* MissionViewController.m in Sources */ = {isa = PBXBuildFile; fileRef = 3F22DFA61E707DCE002B8841 /* MissionViewController.m */; };
		3F22DFAD1E707F15002B8841 /* TagAlertViewController.m in Sources */ = {isa = PBXBuildFile; fileRef = 3F22DFAC1E707F15002B8841 /* TagAlertViewController.m */; };
		3FBAB5FF1E70BA3B00103591 /* UIColor+PRJAdditions.m in Sources */ = {isa = PBXBuildFile; fileRef = 3FBAB5FE1E70BA3B00103591 /* UIColor+PRJAdditions.m */; };
		3FBAB61B1E70BFD300103591 /* 미션리스트.png in Resources */ = {isa = PBXBuildFile; fileRef = 3FBAB6001E70BFD300103591 /* 미션리스트.png */; };
		3FBAB61C1E70BFD300103591 /* 미션리스트@2x.png in Resources */ = {isa = PBXBuildFile; fileRef = 3FBAB6011E70BFD300103591 /* 미션리스트@2x.png */; };
		3FBAB61D1E70BFD300103591 /* 미션리스트@3x.png in Resources */ = {isa = PBXBuildFile; fileRef = 3FBAB6021E70BFD300103591 /* 미션리스트@3x.png */; };
		3FBAB61E1E70BFD300103591 /* 버튼_미션보내기.png in Resources */ = {isa = PBXBuildFile; fileRef = 3FBAB6031E70BFD300103591 /* 버튼_미션보내기.png */; };
		3FBAB61F1E70BFD300103591 /* 버튼_미션보내기@2x.png in Resources */ = {isa = PBXBuildFile; fileRef = 3FBAB6041E70BFD300103591 /* 버튼_미션보내기@2x.png */; };
		3FBAB6201E70BFD300103591 /* 버튼_미션보내기@3x.png in Resources */ = {isa = PBXBuildFile; fileRef = 3FBAB6051E70BFD300103591 /* 버튼_미션보내기@3x.png */; };
		3FBAB6211E70BFD300103591 /* 상단바.png in Resources */ = {isa = PBXBuildFile; fileRef = 3FBAB6061E70BFD300103591 /* 상단바.png */; };
		3FBAB6221E70BFD300103591 /* 상단바@2x.png in Resources */ = {isa = PBXBuildFile; fileRef = 3FBAB6071E70BFD300103591 /* 상단바@2x.png */; };
		3FBAB6231E70BFD300103591 /* 상단바@3x.png in Resources */ = {isa = PBXBuildFile; fileRef = 3FBAB6081E70BFD300103591 /* 상단바@3x.png */; };
		3FBAB6241E70BFD300103591 /* bitmap.png in Resources */ = {isa = PBXBuildFile; fileRef = 3FBAB6091E70BFD300103591 /* bitmap.png */; };
		3FBAB6251E70BFD300103591 /* bitmap@2x.png in Resources */ = {isa = PBXBuildFile; fileRef = 3FBAB60A1E70BFD300103591 /* bitmap@2x.png */; };
		3FBAB6261E70BFD300103591 /* bitmap@3x.png in Resources */ = {isa = PBXBuildFile; fileRef = 3FBAB60B1E70BFD300103591 /* bitmap@3x.png */; };
		3FBAB6271E70BFD300103591 /* copy2.png in Resources */ = {isa = PBXBuildFile; fileRef = 3FBAB60C1E70BFD300103591 /* copy2.png */; };
		3FBAB6281E70BFD300103591 /* copy2@2x.png in Resources */ = {isa = PBXBuildFile; fileRef = 3FBAB60D1E70BFD300103591 /* copy2@2x.png */; };
		3FBAB6291E70BFD300103591 /* copy2@3x.png in Resources */ = {isa = PBXBuildFile; fileRef = 3FBAB60E1E70BFD300103591 /* copy2@3x.png */; };
		3FBAB62A1E70BFD300103591 /* like.png in Resources */ = {isa = PBXBuildFile; fileRef = 3FBAB60F1E70BFD300103591 /* like.png */; };
		3FBAB62B1E70BFD300103591 /* like@2x.png in Resources */ = {isa = PBXBuildFile; fileRef = 3FBAB6101E70BFD300103591 /* like@2x.png */; };
		3FBAB62C1E70BFD300103591 /* like@3x.png in Resources */ = {isa = PBXBuildFile; fileRef = 3FBAB6111E70BFD300103591 /* like@3x.png */; };
		3FBAB62D1E70BFD300103591 /* rectangle.png in Resources */ = {isa = PBXBuildFile; fileRef = 3FBAB6121E70BFD300103591 /* rectangle.png */; };
		3FBAB62E1E70BFD300103591 /* rectangle@2x.png in Resources */ = {isa = PBXBuildFile; fileRef = 3FBAB6131E70BFD300103591 /* rectangle@2x.png */; };
		3FBAB62F1E70BFD300103591 /* rectangle@3x.png in Resources */ = {isa = PBXBuildFile; fileRef = 3FBAB6141E70BFD300103591 /* rectangle@3x.png */; };
		3FBAB6301E70BFD300103591 /* rectangle3.png in Resources */ = {isa = PBXBuildFile; fileRef = 3FBAB6151E70BFD300103591 /* rectangle3.png */; };
		3FBAB6311E70BFD300103591 /* rectangle3@2x.png in Resources */ = {isa = PBXBuildFile; fileRef = 3FBAB6161E70BFD300103591 /* rectangle3@2x.png */; };
		3FBAB6321E70BFD300103591 /* rectangle3@3x.png in Resources */ = {isa = PBXBuildFile; fileRef = 3FBAB6171E70BFD300103591 /* rectangle3@3x.png */; };
		3FBAB6331E70BFD300103591 /* rectangle15.png in Resources */ = {isa = PBXBuildFile; fileRef = 3FBAB6181E70BFD300103591 /* rectangle15.png */; };
		3FBAB6341E70BFD300103591 /* rectangle15@2x.png in Resources */ = {isa = PBXBuildFile; fileRef = 3FBAB6191E70BFD300103591 /* rectangle15@2x.png */; };
		3FBAB6351E70BFD300103591 /* rectangle15@3x.png in Resources */ = {isa = PBXBuildFile; fileRef = 3FBAB61A1E70BFD300103591 /* rectangle15@3x.png */; };
		3FBAB6391E70C0A900103591 /* bitmap2@3x.png in Resources */ = {isa = PBXBuildFile; fileRef = 3FBAB6361E70C0A900103591 /* bitmap2@3x.png */; };
		3FBAB63A1E70C0A900103591 /* bitmap2@2x.png in Resources */ = {isa = PBXBuildFile; fileRef = 3FBAB6371E70C0A900103591 /* bitmap2@2x.png */; };
		3FBAB63B1E70C0A900103591 /* bitmap2.png in Resources */ = {isa = PBXBuildFile; fileRef = 3FBAB6381E70C0A900103591 /* bitmap2.png */; };
		3FBAB63D1E70C35D00103591 /* missionList.png in Resources */ = {isa = PBXBuildFile; fileRef = 3FBAB63C1E70C35D00103591 /* missionList.png */; };
		3FBAB6401E70C42100103591 /* bell.png in Resources */ = {isa = PBXBuildFile; fileRef = 3FBAB63E1E70C42100103591 /* bell.png */; };
		3FBAB6411E70C42100103591 /* add.png in Resources */ = {isa = PBXBuildFile; fileRef = 3FBAB63F1E70C42100103591 /* add.png */; };
		3FBAB6431E70C77900103591 /* LaunchScreen.png in Resources */ = {isa = PBXBuildFile; fileRef = 3FBAB6421E70C77900103591 /* LaunchScreen.png */; };
		BA9752151E74CEE5000DCF4A /* “.png in Resources */ = {isa = PBXBuildFile; fileRef = BA9752091E74CEE5000DCF4A /* “.png */; };
		BA9752161E74CEE5000DCF4A /* “@2x.png in Resources */ = {isa = PBXBuildFile; fileRef = BA97520A1E74CEE5000DCF4A /* “@2x.png */; };
		BA9752171E74CEE5000DCF4A /* “@3x.png in Resources */ = {isa = PBXBuildFile; fileRef = BA97520B1E74CEE5000DCF4A /* “@3x.png */; };
		BA9752181E74CEE5000DCF4A /* cat.png in Resources */ = {isa = PBXBuildFile; fileRef = BA97520C1E74CEE5000DCF4A /* cat.png */; };
		BA9752191E74CEE5000DCF4A /* cat@2x.png in Resources */ = {isa = PBXBuildFile; fileRef = BA97520D1E74CEE5000DCF4A /* cat@2x.png */; };
		BA97521A1E74CEE5000DCF4A /* cat@3x.png in Resources */ = {isa = PBXBuildFile; fileRef = BA97520E1E74CEE5000DCF4A /* cat@3x.png */; };
		BA97521B1E74CEE5000DCF4A /* clock1.png in Resources */ = {isa = PBXBuildFile; fileRef = BA97520F1E74CEE5000DCF4A /* clock1.png */; };
		BA97521C1E74CEE5000DCF4A /* clock1@2x.png in Resources */ = {isa = PBXBuildFile; fileRef = BA9752101E74CEE5000DCF4A /* clock1@2x.png */; };
		BA97521D1E74CEE5000DCF4A /* clock1@3x.png in Resources */ = {isa = PBXBuildFile; fileRef = BA9752111E74CEE5000DCF4A /* clock1@3x.png */; };
		BA97521E1E74CEE5000DCF4A /* combinedShape.png in Resources */ = {isa = PBXBuildFile; fileRef = BA9752121E74CEE5000DCF4A /* combinedShape.png */; };
		BA97521F1E74CEE5000DCF4A /* combinedShape@2x.png in Resources */ = {isa = PBXBuildFile; fileRef = BA9752131E74CEE5000DCF4A /* combinedShape@2x.png */; };
		BA9752201E74CEE5000DCF4A /* combinedShape@3x.png in Resources */ = {isa = PBXBuildFile; fileRef = BA9752141E74CEE5000DCF4A /* combinedShape@3x.png */; };
/* End PBXBuildFile section */

/* Begin PBXFileReference section */
		3F22DF761E7029C3002B8841 /* CoupleMission.app */ = {isa = PBXFileReference; explicitFileType = wrapper.application; includeInIndex = 0; path = CoupleMission.app; sourceTree = BUILT_PRODUCTS_DIR; };
		3F22DF7A1E7029C3002B8841 /* main.m */ = {isa = PBXFileReference; lastKnownFileType = sourcecode.c.objc; path = main.m; sourceTree = "<group>"; };
		3F22DF7C1E7029C3002B8841 /* AppDelegate.h */ = {isa = PBXFileReference; lastKnownFileType = sourcecode.c.h; path = AppDelegate.h; sourceTree = "<group>"; };
		3F22DF7D1E7029C3002B8841 /* AppDelegate.m */ = {isa = PBXFileReference; lastKnownFileType = sourcecode.c.objc; path = AppDelegate.m; sourceTree = "<group>"; };
		3F22DF7F1E7029C3002B8841 /* MainViewController.h */ = {isa = PBXFileReference; lastKnownFileType = sourcecode.c.h; path = MainViewController.h; sourceTree = "<group>"; };
		3F22DF801E7029C3002B8841 /* MainViewController.m */ = {isa = PBXFileReference; lastKnownFileType = sourcecode.c.objc; path = MainViewController.m; sourceTree = "<group>"; };
		3F22DF831E7029C3002B8841 /* Base */ = {isa = PBXFileReference; lastKnownFileType = file.storyboard; name = Base; path = Base.lproj/Main.storyboard; sourceTree = "<group>"; };
		3F22DF851E7029C3002B8841 /* Assets.xcassets */ = {isa = PBXFileReference; lastKnownFileType = folder.assetcatalog; path = Assets.xcassets; sourceTree = "<group>"; };
		3F22DF881E7029C3002B8841 /* Base */ = {isa = PBXFileReference; lastKnownFileType = file.storyboard; name = Base; path = Base.lproj/LaunchScreen.storyboard; sourceTree = "<group>"; };
		3F22DF8A1E7029C3002B8841 /* Info.plist */ = {isa = PBXFileReference; lastKnownFileType = text.plist.xml; path = Info.plist; sourceTree = "<group>"; };
		3F22DF901E7039CB002B8841 /* DataCenter.h */ = {isa = PBXFileReference; fileEncoding = 4; lastKnownFileType = sourcecode.c.h; path = DataCenter.h; sourceTree = "<group>"; };
		3F22DF911E7039CB002B8841 /* DataCenter.m */ = {isa = PBXFileReference; fileEncoding = 4; lastKnownFileType = sourcecode.c.objc; path = DataCenter.m; sourceTree = "<group>"; };
		3F22DF941E707CA8002B8841 /* connect.png */ = {isa = PBXFileReference; lastKnownFileType = image.png; name = connect.png; path = images/connect.png; sourceTree = "<group>"; };
		3F22DF951E707CA8002B8841 /* d10.png */ = {isa = PBXFileReference; lastKnownFileType = image.png; name = d10.png; path = images/d10.png; sourceTree = "<group>"; };
		3F22DF961E707CA8002B8841 /* p1.png */ = {isa = PBXFileReference; lastKnownFileType = image.png; name = p1.png; path = images/p1.png; sourceTree = "<group>"; };
		3F22DF971E707CA8002B8841 /* p2.png */ = {isa = PBXFileReference; lastKnownFileType = image.png; name = p2.png; path = images/p2.png; sourceTree = "<group>"; };
		3F22DF9E1E707CB9002B8841 /* TableViewCell.h */ = {isa = PBXFileReference; fileEncoding = 4; lastKnownFileType = sourcecode.c.h; path = TableViewCell.h; sourceTree = "<group>"; };
		3F22DF9F1E707CB9002B8841 /* TableViewCell.m */ = {isa = PBXFileReference; fileEncoding = 4; lastKnownFileType = sourcecode.c.objc; path = TableViewCell.m; sourceTree = "<group>"; };
		3F22DFA51E707DCE002B8841 /* MissionViewController.h */ = {isa = PBXFileReference; fileEncoding = 4; lastKnownFileType = sourcecode.c.h; path = MissionViewController.h; sourceTree = "<group>"; };
		3F22DFA61E707DCE002B8841 /* MissionViewController.m */ = {isa = PBXFileReference; fileEncoding = 4; lastKnownFileType = sourcecode.c.objc; path = MissionViewController.m; sourceTree = "<group>"; };
		3F22DFAB1E707F15002B8841 /* TagAlertViewController.h */ = {isa = PBXFileReference; fileEncoding = 4; lastKnownFileType = sourcecode.c.h; path = TagAlertViewController.h; sourceTree = "<group>"; };
		3F22DFAC1E707F15002B8841 /* TagAlertViewController.m */ = {isa = PBXFileReference; fileEncoding = 4; lastKnownFileType = sourcecode.c.objc; path = TagAlertViewController.m; sourceTree = "<group>"; };
		3FBAB5FD1E70BA3B00103591 /* UIColor+PRJAdditions.h */ = {isa = PBXFileReference; fileEncoding = 4; lastKnownFileType = sourcecode.c.h; path = "UIColor+PRJAdditions.h"; sourceTree = "<group>"; };
		3FBAB5FE1E70BA3B00103591 /* UIColor+PRJAdditions.m */ = {isa = PBXFileReference; fileEncoding = 4; lastKnownFileType = sourcecode.c.objc; path = "UIColor+PRJAdditions.m"; sourceTree = "<group>"; };
		3FBAB6001E70BFD300103591 /* 미션리스트.png */ = {isa = PBXFileReference; lastKnownFileType = image.png; name = "미션리스트.png"; path = "images/미션리스트.png"; sourceTree = "<group>"; };
		3FBAB6011E70BFD300103591 /* 미션리스트@2x.png */ = {isa = PBXFileReference; lastKnownFileType = image.png; name = "미션리스트@2x.png"; path = "images/미션리스트@2x.png"; sourceTree = "<group>"; };
		3FBAB6021E70BFD300103591 /* 미션리스트@3x.png */ = {isa = PBXFileReference; lastKnownFileType = image.png; name = "미션리스트@3x.png"; path = "images/미션리스트@3x.png"; sourceTree = "<group>"; };
		3FBAB6031E70BFD300103591 /* 버튼_미션보내기.png */ = {isa = PBXFileReference; lastKnownFileType = image.png; name = "버튼_미션보내기.png"; path = "images/버튼_미션보내기.png"; sourceTree = "<group>"; };
		3FBAB6041E70BFD300103591 /* 버튼_미션보내기@2x.png */ = {isa = PBXFileReference; lastKnownFileType = image.png; name = "버튼_미션보내기@2x.png"; path = "images/버튼_미션보내기@2x.png"; sourceTree = "<group>"; };
		3FBAB6051E70BFD300103591 /* 버튼_미션보내기@3x.png */ = {isa = PBXFileReference; lastKnownFileType = image.png; name = "버튼_미션보내기@3x.png"; path = "images/버튼_미션보내기@3x.png"; sourceTree = "<group>"; };
		3FBAB6061E70BFD300103591 /* 상단바.png */ = {isa = PBXFileReference; lastKnownFileType = image.png; name = "상단바.png"; path = "images/상단바.png"; sourceTree = "<group>"; };
		3FBAB6071E70BFD300103591 /* 상단바@2x.png */ = {isa = PBXFileReference; lastKnownFileType = image.png; name = "상단바@2x.png"; path = "images/상단바@2x.png"; sourceTree = "<group>"; };
		3FBAB6081E70BFD300103591 /* 상단바@3x.png */ = {isa = PBXFileReference; lastKnownFileType = image.png; name = "상단바@3x.png"; path = "images/상단바@3x.png"; sourceTree = "<group>"; };
		3FBAB6091E70BFD300103591 /* bitmap.png */ = {isa = PBXFileReference; lastKnownFileType = image.png; name = bitmap.png; path = images/bitmap.png; sourceTree = "<group>"; };
		3FBAB60A1E70BFD300103591 /* bitmap@2x.png */ = {isa = PBXFileReference; lastKnownFileType = image.png; name = "bitmap@2x.png"; path = "images/bitmap@2x.png"; sourceTree = "<group>"; };
		3FBAB60B1E70BFD300103591 /* bitmap@3x.png */ = {isa = PBXFileReference; lastKnownFileType = image.png; name = "bitmap@3x.png"; path = "images/bitmap@3x.png"; sourceTree = "<group>"; };
		3FBAB60C1E70BFD300103591 /* copy2.png */ = {isa = PBXFileReference; lastKnownFileType = image.png; name = copy2.png; path = images/copy2.png; sourceTree = "<group>"; };
		3FBAB60D1E70BFD300103591 /* copy2@2x.png */ = {isa = PBXFileReference; lastKnownFileType = image.png; name = "copy2@2x.png"; path = "images/copy2@2x.png"; sourceTree = "<group>"; };
		3FBAB60E1E70BFD300103591 /* copy2@3x.png */ = {isa = PBXFileReference; lastKnownFileType = image.png; name = "copy2@3x.png"; path = "images/copy2@3x.png"; sourceTree = "<group>"; };
		3FBAB60F1E70BFD300103591 /* like.png */ = {isa = PBXFileReference; lastKnownFileType = image.png; name = like.png; path = images/like.png; sourceTree = "<group>"; };
		3FBAB6101E70BFD300103591 /* like@2x.png */ = {isa = PBXFileReference; lastKnownFileType = image.png; name = "like@2x.png"; path = "images/like@2x.png"; sourceTree = "<group>"; };
		3FBAB6111E70BFD300103591 /* like@3x.png */ = {isa = PBXFileReference; lastKnownFileType = image.png; name = "like@3x.png"; path = "images/like@3x.png"; sourceTree = "<group>"; };
		3FBAB6121E70BFD300103591 /* rectangle.png */ = {isa = PBXFileReference; lastKnownFileType = image.png; name = rectangle.png; path = images/rectangle.png; sourceTree = "<group>"; };
		3FBAB6131E70BFD300103591 /* rectangle@2x.png */ = {isa = PBXFileReference; lastKnownFileType = image.png; name = "rectangle@2x.png"; path = "images/rectangle@2x.png"; sourceTree = "<group>"; };
		3FBAB6141E70BFD300103591 /* rectangle@3x.png */ = {isa = PBXFileReference; lastKnownFileType = image.png; name = "rectangle@3x.png"; path = "images/rectangle@3x.png"; sourceTree = "<group>"; };
		3FBAB6151E70BFD300103591 /* rectangle3.png */ = {isa = PBXFileReference; lastKnownFileType = image.png; name = rectangle3.png; path = images/rectangle3.png; sourceTree = "<group>"; };
		3FBAB6161E70BFD300103591 /* rectangle3@2x.png */ = {isa = PBXFileReference; lastKnownFileType = image.png; name = "rectangle3@2x.png"; path = "images/rectangle3@2x.png"; sourceTree = "<group>"; };
		3FBAB6171E70BFD300103591 /* rectangle3@3x.png */ = {isa = PBXFileReference; lastKnownFileType = image.png; name = "rectangle3@3x.png"; path = "images/rectangle3@3x.png"; sourceTree = "<group>"; };
		3FBAB6181E70BFD300103591 /* rectangle15.png */ = {isa = PBXFileReference; lastKnownFileType = image.png; name = rectangle15.png; path = images/rectangle15.png; sourceTree = "<group>"; };
		3FBAB6191E70BFD300103591 /* rectangle15@2x.png */ = {isa = PBXFileReference; lastKnownFileType = image.png; name = "rectangle15@2x.png"; path = "images/rectangle15@2x.png"; sourceTree = "<group>"; };
		3FBAB61A1E70BFD300103591 /* rectangle15@3x.png */ = {isa = PBXFileReference; lastKnownFileType = image.png; name = "rectangle15@3x.png"; path = "images/rectangle15@3x.png"; sourceTree = "<group>"; };
		3FBAB6361E70C0A900103591 /* bitmap2@3x.png */ = {isa = PBXFileReference; lastKnownFileType = image.png; name = "bitmap2@3x.png"; path = "images/bitmap2@3x.png"; sourceTree = "<group>"; };
		3FBAB6371E70C0A900103591 /* bitmap2@2x.png */ = {isa = PBXFileReference; lastKnownFileType = image.png; name = "bitmap2@2x.png"; path = "images/bitmap2@2x.png"; sourceTree = "<group>"; };
		3FBAB6381E70C0A900103591 /* bitmap2.png */ = {isa = PBXFileReference; lastKnownFileType = image.png; name = bitmap2.png; path = images/bitmap2.png; sourceTree = "<group>"; };
		3FBAB63C1E70C35D00103591 /* missionList.png */ = {isa = PBXFileReference; lastKnownFileType = image.png; name = missionList.png; path = images/missionList.png; sourceTree = "<group>"; };
		3FBAB63E1E70C42100103591 /* bell.png */ = {isa = PBXFileReference; lastKnownFileType = image.png; name = bell.png; path = images/bell.png; sourceTree = "<group>"; };
		3FBAB63F1E70C42100103591 /* add.png */ = {isa = PBXFileReference; lastKnownFileType = image.png; name = add.png; path = images/add.png; sourceTree = "<group>"; };
		3FBAB6421E70C77900103591 /* LaunchScreen.png */ = {isa = PBXFileReference; lastKnownFileType = image.png; name = LaunchScreen.png; path = images/LaunchScreen.png; sourceTree = "<group>"; };
		BA9752091E74CEE5000DCF4A /* “.png */ = {isa = PBXFileReference; lastKnownFileType = image.png; name = "“.png"; path = "../../img/“.png"; sourceTree = "<group>"; };
		BA97520A1E74CEE5000DCF4A /* “@2x.png */ = {isa = PBXFileReference; lastKnownFileType = image.png; name = "“@2x.png"; path = "../../img/“@2x.png"; sourceTree = "<group>"; };
		BA97520B1E74CEE5000DCF4A /* “@3x.png */ = {isa = PBXFileReference; lastKnownFileType = image.png; name = "“@3x.png"; path = "../../img/“@3x.png"; sourceTree = "<group>"; };
		BA97520C1E74CEE5000DCF4A /* cat.png */ = {isa = PBXFileReference; lastKnownFileType = image.png; name = cat.png; path = ../../img/cat.png; sourceTree = "<group>"; };
		BA97520D1E74CEE5000DCF4A /* cat@2x.png */ = {isa = PBXFileReference; lastKnownFileType = image.png; name = "cat@2x.png"; path = "../../img/cat@2x.png"; sourceTree = "<group>"; };
		BA97520E1E74CEE5000DCF4A /* cat@3x.png */ = {isa = PBXFileReference; lastKnownFileType = image.png; name = "cat@3x.png"; path = "../../img/cat@3x.png"; sourceTree = "<group>"; };
		BA97520F1E74CEE5000DCF4A /* clock1.png */ = {isa = PBXFileReference; lastKnownFileType = image.png; name = clock1.png; path = ../../img/clock1.png; sourceTree = "<group>"; };
		BA9752101E74CEE5000DCF4A /* clock1@2x.png */ = {isa = PBXFileReference; lastKnownFileType = image.png; name = "clock1@2x.png"; path = "../../img/clock1@2x.png"; sourceTree = "<group>"; };
		BA9752111E74CEE5000DCF4A /* clock1@3x.png */ = {isa = PBXFileReference; lastKnownFileType = image.png; name = "clock1@3x.png"; path = "../../img/clock1@3x.png"; sourceTree = "<group>"; };
		BA9752121E74CEE5000DCF4A /* combinedShape.png */ = {isa = PBXFileReference; lastKnownFileType = image.png; name = combinedShape.png; path = ../../img/combinedShape.png; sourceTree = "<group>"; };
		BA9752131E74CEE5000DCF4A /* combinedShape@2x.png */ = {isa = PBXFileReference; lastKnownFileType = image.png; name = "combinedShape@2x.png"; path = "../../img/combinedShape@2x.png"; sourceTree = "<group>"; };
		BA9752141E74CEE5000DCF4A /* combinedShape@3x.png */ = {isa = PBXFileReference; lastKnownFileType = image.png; name = "combinedShape@3x.png"; path = "../../img/combinedShape@3x.png"; sourceTree = "<group>"; };
/* End PBXFileReference section */

/* Begin PBXFrameworksBuildPhase section */
		3F22DF731E7029C2002B8841 /* Frameworks */ = {
			isa = PBXFrameworksBuildPhase;
			buildActionMask = 2147483647;
			files = (
			);
			runOnlyForDeploymentPostprocessing = 0;
		};
/* End PBXFrameworksBuildPhase section */

/* Begin PBXGroup section */
		3F22DF6D1E7029C2002B8841 = {
			isa = PBXGroup;
			children = (
				3F22DF781E7029C3002B8841 /* CoupleMission */,
				3F22DF771E7029C3002B8841 /* Products */,
			);
			sourceTree = "<group>";
		};
		3F22DF771E7029C3002B8841 /* Products */ = {
			isa = PBXGroup;
			children = (
				3F22DF761E7029C3002B8841 /* CoupleMission.app */,
			);
			name = Products;
			sourceTree = "<group>";
		};
		3F22DF781E7029C3002B8841 /* CoupleMission */ = {
			isa = PBXGroup;
			children = (
				3FBAB5FD1E70BA3B00103591 /* UIColor+PRJAdditions.h */,
				3FBAB5FE1E70BA3B00103591 /* UIColor+PRJAdditions.m */,
				3F22DF7C1E7029C3002B8841 /* AppDelegate.h */,
				3F22DF7D1E7029C3002B8841 /* AppDelegate.m */,
				3F22DF931E707C9B002B8841 /* images */,
				3F22DFB11E7080D9002B8841 /* Data */,
				3F22DFAE1E708080002B8841 /* MainView */,
				3F22DFB01E7080C0002B8841 /* TagAlertView */,
				3F22DFAF1E7080A4002B8841 /* MissionView */,
				3F22DF821E7029C3002B8841 /* Main.storyboard */,
				3F22DF851E7029C3002B8841 /* Assets.xcassets */,
				3F22DF871E7029C3002B8841 /* LaunchScreen.storyboard */,
				3F22DF8A1E7029C3002B8841 /* Info.plist */,
				3F22DF791E7029C3002B8841 /* Supporting Files */,
			);
			path = CoupleMission;
			sourceTree = "<group>";
		};
		3F22DF791E7029C3002B8841 /* Supporting Files */ = {
			isa = PBXGroup;
			children = (
				3F22DF7A1E7029C3002B8841 /* main.m */,
			);
			name = "Supporting Files";
			sourceTree = "<group>";
		};
		3F22DF931E707C9B002B8841 /* images */ = {
			isa = PBXGroup;
			children = (
				BA9752091E74CEE5000DCF4A /* “.png */,
				BA97520A1E74CEE5000DCF4A /* “@2x.png */,
				BA97520B1E74CEE5000DCF4A /* “@3x.png */,
				BA97520C1E74CEE5000DCF4A /* cat.png */,
				BA97520D1E74CEE5000DCF4A /* cat@2x.png */,
				BA97520E1E74CEE5000DCF4A /* cat@3x.png */,
				BA97520F1E74CEE5000DCF4A /* clock1.png */,
				BA9752101E74CEE5000DCF4A /* clock1@2x.png */,
				BA9752111E74CEE5000DCF4A /* clock1@3x.png */,
				BA9752121E74CEE5000DCF4A /* combinedShape.png */,
				BA9752131E74CEE5000DCF4A /* combinedShape@2x.png */,
				BA9752141E74CEE5000DCF4A /* combinedShape@3x.png */,
				3FBAB6421E70C77900103591 /* LaunchScreen.png */,
				3FBAB63E1E70C42100103591 /* bell.png */,
				3FBAB63F1E70C42100103591 /* add.png */,
				3FBAB63C1E70C35D00103591 /* missionList.png */,
				3FBAB6361E70C0A900103591 /* bitmap2@3x.png */,
				3FBAB6371E70C0A900103591 /* bitmap2@2x.png */,
				3FBAB6381E70C0A900103591 /* bitmap2.png */,
				3FBAB6001E70BFD300103591 /* 미션리스트.png */,
				3FBAB6011E70BFD300103591 /* 미션리스트@2x.png */,
				3FBAB6021E70BFD300103591 /* 미션리스트@3x.png */,
				3FBAB6031E70BFD300103591 /* 버튼_미션보내기.png */,
				3FBAB6041E70BFD300103591 /* 버튼_미션보내기@2x.png */,
				3FBAB6051E70BFD300103591 /* 버튼_미션보내기@3x.png */,
				3FBAB6061E70BFD300103591 /* 상단바.png */,
				3FBAB6071E70BFD300103591 /* 상단바@2x.png */,
				3FBAB6081E70BFD300103591 /* 상단바@3x.png */,
				3FBAB6091E70BFD300103591 /* bitmap.png */,
				3FBAB60A1E70BFD300103591 /* bitmap@2x.png */,
				3FBAB60B1E70BFD300103591 /* bitmap@3x.png */,
				3FBAB60C1E70BFD300103591 /* copy2.png */,
				3FBAB60D1E70BFD300103591 /* copy2@2x.png */,
				3FBAB60E1E70BFD300103591 /* copy2@3x.png */,
				3FBAB60F1E70BFD300103591 /* like.png */,
				3FBAB6101E70BFD300103591 /* like@2x.png */,
				3FBAB6111E70BFD300103591 /* like@3x.png */,
				3FBAB6121E70BFD300103591 /* rectangle.png */,
				3FBAB6131E70BFD300103591 /* rectangle@2x.png */,
				3FBAB6141E70BFD300103591 /* rectangle@3x.png */,
				3FBAB6151E70BFD300103591 /* rectangle3.png */,
				3FBAB6161E70BFD300103591 /* rectangle3@2x.png */,
				3FBAB6171E70BFD300103591 /* rectangle3@3x.png */,
				3FBAB6181E70BFD300103591 /* rectangle15.png */,
				3FBAB6191E70BFD300103591 /* rectangle15@2x.png */,
				3FBAB61A1E70BFD300103591 /* rectangle15@3x.png */,
				3F22DF941E707CA8002B8841 /* connect.png */,
				3F22DF951E707CA8002B8841 /* d10.png */,
				3F22DF961E707CA8002B8841 /* p1.png */,
				3F22DF971E707CA8002B8841 /* p2.png */,
			);
			name = images;
			sourceTree = "<group>";
		};
		3F22DFAE1E708080002B8841 /* MainView */ = {
			isa = PBXGroup;
			children = (
				3F22DF7F1E7029C3002B8841 /* MainViewController.h */,
				3F22DF801E7029C3002B8841 /* MainViewController.m */,
				3F22DF9E1E707CB9002B8841 /* TableViewCell.h */,
				3F22DF9F1E707CB9002B8841 /* TableViewCell.m */,
			);
			name = MainView;
			sourceTree = "<group>";
		};
		3F22DFAF1E7080A4002B8841 /* MissionView */ = {
			isa = PBXGroup;
			children = (
				3F22DFA51E707DCE002B8841 /* MissionViewController.h */,
				3F22DFA61E707DCE002B8841 /* MissionViewController.m */,
			);
			name = MissionView;
			sourceTree = "<group>";
		};
		3F22DFB01E7080C0002B8841 /* TagAlertView */ = {
			isa = PBXGroup;
			children = (
				3F22DFAB1E707F15002B8841 /* TagAlertViewController.h */,
				3F22DFAC1E707F15002B8841 /* TagAlertViewController.m */,
			);
			name = TagAlertView;
			sourceTree = "<group>";
		};
		3F22DFB11E7080D9002B8841 /* Data */ = {
			isa = PBXGroup;
			children = (
				3F22DF901E7039CB002B8841 /* DataCenter.h */,
				3F22DF911E7039CB002B8841 /* DataCenter.m */,
			);
			name = Data;
			sourceTree = "<group>";
		};
/* End PBXGroup section */

/* Begin PBXNativeTarget section */
		3F22DF751E7029C2002B8841 /* CoupleMission */ = {
			isa = PBXNativeTarget;
			buildConfigurationList = 3F22DF8D1E7029C3002B8841 /* Build configuration list for PBXNativeTarget "CoupleMission" */;
			buildPhases = (
				3F22DF721E7029C2002B8841 /* Sources */,
				3F22DF731E7029C2002B8841 /* Frameworks */,
				3F22DF741E7029C2002B8841 /* Resources */,
			);
			buildRules = (
			);
			dependencies = (
			);
			name = CoupleMission;
			productName = CoupleMission;
			productReference = 3F22DF761E7029C3002B8841 /* CoupleMission.app */;
			productType = "com.apple.product-type.application";
		};
/* End PBXNativeTarget section */

/* Begin PBXProject section */
		3F22DF6E1E7029C2002B8841 /* Project object */ = {
			isa = PBXProject;
			attributes = {
				LastUpgradeCheck = 0820;
				ORGANIZATIONNAME = JeheonChoi;
				TargetAttributes = {
					3F22DF751E7029C2002B8841 = {
						CreatedOnToolsVersion = 8.2.1;
						DevelopmentTeam = NN7QXHC8A3;
						ProvisioningStyle = Automatic;
					};
				};
			};
			buildConfigurationList = 3F22DF711E7029C2002B8841 /* Build configuration list for PBXProject "CoupleMission" */;
			compatibilityVersion = "Xcode 3.2";
			developmentRegion = English;
			hasScannedForEncodings = 0;
			knownRegions = (
				en,
				Base,
			);
			mainGroup = 3F22DF6D1E7029C2002B8841;
			productRefGroup = 3F22DF771E7029C3002B8841 /* Products */;
			projectDirPath = "";
			projectRoot = "";
			targets = (
				3F22DF751E7029C2002B8841 /* CoupleMission */,
			);
		};
/* End PBXProject section */

/* Begin PBXResourcesBuildPhase section */
		3F22DF741E7029C2002B8841 /* Resources */ = {
			isa = PBXResourcesBuildPhase;
			buildActionMask = 2147483647;
			files = (
				3FBAB6241E70BFD300103591 /* bitmap.png in Resources */,
				3FBAB6221E70BFD300103591 /* 상단바@2x.png in Resources */,
				BA9752171E74CEE5000DCF4A /* “@3x.png in Resources */,
				BA9752201E74CEE5000DCF4A /* combinedShape@3x.png in Resources */,
				BA9752191E74CEE5000DCF4A /* cat@2x.png in Resources */,
				3F22DF991E707CA8002B8841 /* d10.png in Resources */,
				3FBAB6411E70C42100103591 /* add.png in Resources */,
				3FBAB6301E70BFD300103591 /* rectangle3.png in Resources */,
				3FBAB62F1E70BFD300103591 /* rectangle@3x.png in Resources */,
				3FBAB6281E70BFD300103591 /* copy2@2x.png in Resources */,
				3FBAB61E1E70BFD300103591 /* 버튼_미션보내기.png in Resources */,
				BA97521E1E74CEE5000DCF4A /* combinedShape.png in Resources */,
				BA97521F1E74CEE5000DCF4A /* combinedShape@2x.png in Resources */,
				3FBAB6211E70BFD300103591 /* 상단바.png in Resources */,
				3FBAB6271E70BFD300103591 /* copy2.png in Resources */,
				BA97521D1E74CEE5000DCF4A /* clock1@3x.png in Resources */,
				3FBAB6291E70BFD300103591 /* copy2@3x.png in Resources */,
				3FBAB6321E70BFD300103591 /* rectangle3@3x.png in Resources */,
				3FBAB61B1E70BFD300103591 /* 미션리스트.png in Resources */,
				3F22DF981E707CA8002B8841 /* connect.png in Resources */,
				3FBAB62E1E70BFD300103591 /* rectangle@2x.png in Resources */,
				BA97521C1E74CEE5000DCF4A /* clock1@2x.png in Resources */,
				3F22DF9B1E707CA8002B8841 /* p2.png in Resources */,
				3FBAB6351E70BFD300103591 /* rectangle15@3x.png in Resources */,
				3FBAB61F1E70BFD300103591 /* 버튼_미션보내기@2x.png in Resources */,
				BA9752151E74CEE5000DCF4A /* “.png in Resources */,
				3FBAB6401E70C42100103591 /* bell.png in Resources */,
				3FBAB62C1E70BFD300103591 /* like@3x.png in Resources */,
				BA9752181E74CEE5000DCF4A /* cat.png in Resources */,
				3FBAB63A1E70C0A900103591 /* bitmap2@2x.png in Resources */,
				3FBAB6251E70BFD300103591 /* bitmap@2x.png in Resources */,
				BA97521B1E74CEE5000DCF4A /* clock1.png in Resources */,
				3F22DF891E7029C3002B8841 /* LaunchScreen.storyboard in Resources */,
				BA9752161E74CEE5000DCF4A /* “@2x.png in Resources */,
				3FBAB62D1E70BFD300103591 /* rectangle.png in Resources */,
				3F22DF861E7029C3002B8841 /* Assets.xcassets in Resources */,
				3FBAB6341E70BFD300103591 /* rectangle15@2x.png in Resources */,
				3FBAB63B1E70C0A900103591 /* bitmap2.png in Resources */,
				3FBAB6231E70BFD300103591 /* 상단바@3x.png in Resources */,
				BA97521A1E74CEE5000DCF4A /* cat@3x.png in Resources */,
				3FBAB63D1E70C35D00103591 /* missionList.png in Resources */,
				3FBAB6391E70C0A900103591 /* bitmap2@3x.png in Resources */,
				3FBAB6201E70BFD300103591 /* 버튼_미션보내기@3x.png in Resources */,
				3F22DF9A1E707CA8002B8841 /* p1.png in Resources */,
				3FBAB61C1E70BFD300103591 /* 미션리스트@2x.png in Resources */,
				3FBAB6311E70BFD300103591 /* rectangle3@2x.png in Resources */,
				3F22DF841E7029C3002B8841 /* Main.storyboard in Resources */,
				3FBAB61D1E70BFD300103591 /* 미션리스트@3x.png in Resources */,
				3FBAB62B1E70BFD300103591 /* like@2x.png in Resources */,
				3FBAB6431E70C77900103591 /* LaunchScreen.png in Resources */,
				3FBAB6331E70BFD300103591 /* rectangle15.png in Resources */,
				3FBAB62A1E70BFD300103591 /* like.png in Resources */,
				3FBAB6261E70BFD300103591 /* bitmap@3x.png in Resources */,
			);
			runOnlyForDeploymentPostprocessing = 0;
		};
/* End PBXResourcesBuildPhase section */

/* Begin PBXSourcesBuildPhase section */
		3F22DF721E7029C2002B8841 /* Sources */ = {
			isa = PBXSourcesBuildPhase;
			buildActionMask = 2147483647;
			files = (
				3F22DF811E7029C3002B8841 /* MainViewController.m in Sources */,
				3F22DFA31E707CB9002B8841 /* TableViewCell.m in Sources */,
				3F22DF7E1E7029C3002B8841 /* AppDelegate.m in Sources */,
				3F22DF921E7039CB002B8841 /* DataCenter.m in Sources */,
				3FBAB5FF1E70BA3B00103591 /* UIColor+PRJAdditions.m in Sources */,
				3F22DFA71E707DCE002B8841 /* MissionViewController.m in Sources */,
				3F22DFAD1E707F15002B8841 /* TagAlertViewController.m in Sources */,
				3F22DF7B1E7029C3002B8841 /* main.m in Sources */,
			);
			runOnlyForDeploymentPostprocessing = 0;
		};
/* End PBXSourcesBuildPhase section */

/* Begin PBXVariantGroup section */
		3F22DF821E7029C3002B8841 /* Main.storyboard */ = {
			isa = PBXVariantGroup;
			children = (
				3F22DF831E7029C3002B8841 /* Base */,
			);
			name = Main.storyboard;
			sourceTree = "<group>";
		};
		3F22DF871E7029C3002B8841 /* LaunchScreen.storyboard */ = {
			isa = PBXVariantGroup;
			children = (
				3F22DF881E7029C3002B8841 /* Base */,
			);
			name = LaunchScreen.storyboard;
			sourceTree = "<group>";
		};
/* End PBXVariantGroup section */

/* Begin XCBuildConfiguration section */
		3F22DF8B1E7029C3002B8841 /* Debug */ = {
			isa = XCBuildConfiguration;
			buildSettings = {
				ALWAYS_SEARCH_USER_PATHS = NO;
				CLANG_ANALYZER_NONNULL = YES;
				CLANG_CXX_LANGUAGE_STANDARD = "gnu++0x";
				CLANG_CXX_LIBRARY = "libc++";
				CLANG_ENABLE_MODULES = YES;
				CLANG_ENABLE_OBJC_ARC = YES;
				CLANG_WARN_BOOL_CONVERSION = YES;
				CLANG_WARN_CONSTANT_CONVERSION = YES;
				CLANG_WARN_DIRECT_OBJC_ISA_USAGE = YES_ERROR;
				CLANG_WARN_DOCUMENTATION_COMMENTS = YES;
				CLANG_WARN_EMPTY_BODY = YES;
				CLANG_WARN_ENUM_CONVERSION = YES;
				CLANG_WARN_INFINITE_RECURSION = YES;
				CLANG_WARN_INT_CONVERSION = YES;
				CLANG_WARN_OBJC_ROOT_CLASS = YES_ERROR;
				CLANG_WARN_SUSPICIOUS_MOVE = YES;
				CLANG_WARN_UNREACHABLE_CODE = YES;
				CLANG_WARN__DUPLICATE_METHOD_MATCH = YES;
				"CODE_SIGN_IDENTITY[sdk=iphoneos*]" = "iPhone Developer";
				COPY_PHASE_STRIP = NO;
				DEBUG_INFORMATION_FORMAT = dwarf;
				ENABLE_STRICT_OBJC_MSGSEND = YES;
				ENABLE_TESTABILITY = YES;
				GCC_C_LANGUAGE_STANDARD = gnu99;
				GCC_DYNAMIC_NO_PIC = NO;
				GCC_NO_COMMON_BLOCKS = YES;
				GCC_OPTIMIZATION_LEVEL = 0;
				GCC_PREPROCESSOR_DEFINITIONS = (
					"DEBUG=1",
					"$(inherited)",
				);
				GCC_WARN_64_TO_32_BIT_CONVERSION = YES;
				GCC_WARN_ABOUT_RETURN_TYPE = YES_ERROR;
				GCC_WARN_UNDECLARED_SELECTOR = YES;
				GCC_WARN_UNINITIALIZED_AUTOS = YES_AGGRESSIVE;
				GCC_WARN_UNUSED_FUNCTION = YES;
				GCC_WARN_UNUSED_VARIABLE = YES;
				IPHONEOS_DEPLOYMENT_TARGET = 10.2;
				MTL_ENABLE_DEBUG_INFO = YES;
				ONLY_ACTIVE_ARCH = YES;
				SDKROOT = iphoneos;
			};
			name = Debug;
		};
		3F22DF8C1E7029C3002B8841 /* Release */ = {
			isa = XCBuildConfiguration;
			buildSettings = {
				ALWAYS_SEARCH_USER_PATHS = NO;
				CLANG_ANALYZER_NONNULL = YES;
				CLANG_CXX_LANGUAGE_STANDARD = "gnu++0x";
				CLANG_CXX_LIBRARY = "libc++";
				CLANG_ENABLE_MODULES = YES;
				CLANG_ENABLE_OBJC_ARC = YES;
				CLANG_WARN_BOOL_CONVERSION = YES;
				CLANG_WARN_CONSTANT_CONVERSION = YES;
				CLANG_WARN_DIRECT_OBJC_ISA_USAGE = YES_ERROR;
				CLANG_WARN_DOCUMENTATION_COMMENTS = YES;
				CLANG_WARN_EMPTY_BODY = YES;
				CLANG_WARN_ENUM_CONVERSION = YES;
				CLANG_WARN_INFINITE_RECURSION = YES;
				CLANG_WARN_INT_CONVERSION = YES;
				CLANG_WARN_OBJC_ROOT_CLASS = YES_ERROR;
				CLANG_WARN_SUSPICIOUS_MOVE = YES;
				CLANG_WARN_UNREACHABLE_CODE = YES;
				CLANG_WARN__DUPLICATE_METHOD_MATCH = YES;
				"CODE_SIGN_IDENTITY[sdk=iphoneos*]" = "iPhone Developer";
				COPY_PHASE_STRIP = NO;
				DEBUG_INFORMATION_FORMAT = "dwarf-with-dsym";
				ENABLE_NS_ASSERTIONS = NO;
				ENABLE_STRICT_OBJC_MSGSEND = YES;
				GCC_C_LANGUAGE_STANDARD = gnu99;
				GCC_NO_COMMON_BLOCKS = YES;
				GCC_WARN_64_TO_32_BIT_CONVERSION = YES;
				GCC_WARN_ABOUT_RETURN_TYPE = YES_ERROR;
				GCC_WARN_UNDECLARED_SELECTOR = YES;
				GCC_WARN_UNINITIALIZED_AUTOS = YES_AGGRESSIVE;
				GCC_WARN_UNUSED_FUNCTION = YES;
				GCC_WARN_UNUSED_VARIABLE = YES;
				IPHONEOS_DEPLOYMENT_TARGET = 10.2;
				MTL_ENABLE_DEBUG_INFO = NO;
				SDKROOT = iphoneos;
				VALIDATE_PRODUCT = YES;
			};
			name = Release;
		};
		3F22DF8E1E7029C3002B8841 /* Debug */ = {
			isa = XCBuildConfiguration;
			buildSettings = {
				ASSETCATALOG_COMPILER_APPICON_NAME = AppIcon;
				DEVELOPMENT_TEAM = NN7QXHC8A3;
				INFOPLIST_FILE = CoupleMission/Info.plist;
				LD_RUNPATH_SEARCH_PATHS = "$(inherited) @executable_path/Frameworks";
				PRODUCT_BUNDLE_IDENTIFIER = com.Jereator.CoupleMission;
				PRODUCT_NAME = "$(TARGET_NAME)";
			};
			name = Debug;
		};
		3F22DF8F1E7029C3002B8841 /* Release */ = {
			isa = XCBuildConfiguration;
			buildSettings = {
				ASSETCATALOG_COMPILER_APPICON_NAME = AppIcon;
				DEVELOPMENT_TEAM = NN7QXHC8A3;
				INFOPLIST_FILE = CoupleMission/Info.plist;
				LD_RUNPATH_SEARCH_PATHS = "$(inherited) @executable_path/Frameworks";
				PRODUCT_BUNDLE_IDENTIFIER = com.Jereator.CoupleMission;
				PRODUCT_NAME = "$(TARGET_NAME)";
			};
			name = Release;
		};
/* End XCBuildConfiguration section */

/* Begin XCConfigurationList section */
		3F22DF711E7029C2002B8841 /* Build configuration list for PBXProject "CoupleMission" */ = {
			isa = XCConfigurationList;
			buildConfigurations = (
				3F22DF8B1E7029C3002B8841 /* Debug */,
				3F22DF8C1E7029C3002B8841 /* Release */,
			);
			defaultConfigurationIsVisible = 0;
			defaultConfigurationName = Release;
		};
		3F22DF8D1E7029C3002B8841 /* Build configuration list for PBXNativeTarget "CoupleMission" */ = {
			isa = XCConfigurationList;
			buildConfigurations = (
				3F22DF8E1E7029C3002B8841 /* Debug */,
				3F22DF8F1E7029C3002B8841 /* Release */,
			);
			defaultConfigurationIsVisible = 0;
			defaultConfigurationName = Release;
		};
/* End XCConfigurationList section */
	};
	rootObject = 3F22DF6E1E7029C2002B8841 /* Project object */;
}
