// !$*UTF8*$!
{
	archiveVersion = 1;
	classes = {
	};
	objectVersion = 46;
	objects = {

/* Begin PBXBuildFile section */
		BA4931D31E702D2600101864 /* main.m in Sources */ = {isa = PBXBuildFile; fileRef = BA4931D21E702D2600101864 /* main.m */; };
		BA4931DC1E702D2600101864 /* Main.storyboard in Resources */ = {isa = PBXBuildFile; fileRef = BA4931DA1E702D2600101864 /* Main.storyboard */; };
		BA4931E11E702D2600101864 /* LaunchScreen.storyboard in Resources */ = {isa = PBXBuildFile; fileRef = BA4931DF1E702D2600101864 /* LaunchScreen.storyboard */; };
/* End PBXBuildFile section */

/* Begin PBXFileReference section */
		3FBAB5FA1E70AB7200103591 /* Hackerthon.xcodeproj */ = {isa = PBXFileReference; lastKnownFileType = "wrapper.pb-project"; path = Hackerthon.xcodeproj; sourceTree = SOURCE_ROOT; };
		BA4931CE1E702D2600101864 /* Hackerthon.app */ = {isa = PBXFileReference; explicitFileType = wrapper.application; includeInIndex = 0; path = Hackerthon.app; sourceTree = BUILT_PRODUCTS_DIR; };
		BA4931D21E702D2600101864 /* main.m */ = {isa = PBXFileReference; lastKnownFileType = sourcecode.c.objc; path = main.m; sourceTree = "<group>"; };
		BA4931DB1E702D2600101864 /* Base */ = {isa = PBXFileReference; lastKnownFileType = file.storyboard; name = Base; path = Base.lproj/Main.storyboard; sourceTree = "<group>"; };
		BA4931E01E702D2600101864 /* Base */ = {isa = PBXFileReference; lastKnownFileType = file.storyboard; name = Base; path = Base.lproj/LaunchScreen.storyboard; sourceTree = "<group>"; };
/* End PBXFileReference section */

/* Begin PBXFrameworksBuildPhase section */
		BA4931CB1E702D2600101864 /* Frameworks */ = {
			isa = PBXFrameworksBuildPhase;
			buildActionMask = 2147483647;
			files = (
			);
			runOnlyForDeploymentPostprocessing = 0;
		};
/* End PBXFrameworksBuildPhase section */

/* Begin PBXGroup section */
		3FBAB5FB1E70AB7200103591 /* Products */ = {
			isa = PBXGroup;
			name = Products;
			sourceTree = "<group>";
		};
		BA4931C51E702D2500101864 = {
			isa = PBXGroup;
			children = (
				BA4931D01E702D2600101864 /* Hackerthon */,
				BA4931CF1E702D2600101864 /* Products */,
			);
			sourceTree = "<group>";
		};
		BA4931CF1E702D2600101864 /* Products */ = {
			isa = PBXGroup;
			children = (
				BA4931CE1E702D2600101864 /* Hackerthon.app */,
			);
			name = Products;
			sourceTree = "<group>";
		};
		BA4931D01E702D2600101864 /* Hackerthon */ = {
			isa = PBXGroup;
			children = (
				3FBAB5FA1E70AB7200103591 /* Hackerthon.xcodeproj */,
				BA4931DA1E702D2600101864 /* Main.storyboard */,
				BA4931DF1E702D2600101864 /* LaunchScreen.storyboard */,
				BA4931D11E702D2600101864 /* Supporting Files */,
			);
			path = Hackerthon;
			sourceTree = "<group>";
		};
		BA4931D11E702D2600101864 /* Supporting Files */ = {
			isa = PBXGroup;
			children = (
				BA4931D21E702D2600101864 /* main.m */,
			);
			name = "Supporting Files";
			sourceTree = "<group>";
		};
/* End PBXGroup section */

/* Begin PBXNativeTarget section */
		BA4931CD1E702D2600101864 /* Hackerthon */ = {
			isa = PBXNativeTarget;
			buildConfigurationList = BA4931E51E702D2600101864 /* Build configuration list for PBXNativeTarget "Hackerthon" */;
			buildPhases = (
				BA4931CA1E702D2600101864 /* Sources */,
				BA4931CB1E702D2600101864 /* Frameworks */,
				BA4931CC1E702D2600101864 /* Resources */,
			);
			buildRules = (
			);
			dependencies = (
			);
			name = Hackerthon;
			productName = Hackerthon;
			productReference = BA4931CE1E702D2600101864 /* Hackerthon.app */;
			productType = "com.apple.product-type.application";
		};
/* End PBXNativeTarget section */

/* Begin PBXProject section */
		BA4931C61E702D2600101864 /* Project object */ = {
			isa = PBXProject;
			attributes = {
				LastUpgradeCheck = 0820;
				ORGANIZATIONNAME = ysm;
				TargetAttributes = {
					BA4931CD1E702D2600101864 = {
						CreatedOnToolsVersion = 8.2;
						DevelopmentTeam = NN7QXHC8A3;
						ProvisioningStyle = Automatic;
					};
				};
			};
			buildConfigurationList = BA4931C91E702D2600101864 /* Build configuration list for PBXProject "Hackerthon" */;
			compatibilityVersion = "Xcode 3.2";
			developmentRegion = English;
			hasScannedForEncodings = 0;
			knownRegions = (
				en,
				Base,
			);
			mainGroup = BA4931C51E702D2500101864;
			productRefGroup = BA4931CF1E702D2600101864 /* Products */;
			projectDirPath = "";
			projectReferences = (
				{
					ProductGroup = 3FBAB5FB1E70AB7200103591 /* Products */;
					ProjectRef = 3FBAB5FA1E70AB7200103591 /* Hackerthon.xcodeproj */;
				},
			);
			projectRoot = "";
			targets = (
				BA4931CD1E702D2600101864 /* Hackerthon */,
			);
		};
/* End PBXProject section */

/* Begin PBXResourcesBuildPhase section */
		BA4931CC1E702D2600101864 /* Resources */ = {
			isa = PBXResourcesBuildPhase;
			buildActionMask = 2147483647;
			files = (
				BA4931E11E702D2600101864 /* LaunchScreen.storyboard in Resources */,
				BA4931DC1E702D2600101864 /* Main.storyboard in Resources */,
			);
			runOnlyForDeploymentPostprocessing = 0;
		};
/* End PBXResourcesBuildPhase section */

/* Begin PBXSourcesBuildPhase section */
		BA4931CA1E702D2600101864 /* Sources */ = {
			isa = PBXSourcesBuildPhase;
			buildActionMask = 2147483647;
			files = (
				BA4931D31E702D2600101864 /* main.m in Sources */,
			);
			runOnlyForDeploymentPostprocessing = 0;
		};
/* End PBXSourcesBuildPhase section */

/* Begin PBXVariantGroup section */
		BA4931DA1E702D2600101864 /* Main.storyboard */ = {
			isa = PBXVariantGroup;
			children = (
				BA4931DB1E702D2600101864 /* Base */,
			);
			name = Main.storyboard;
			sourceTree = "<group>";
		};
		BA4931DF1E702D2600101864 /* LaunchScreen.storyboard */ = {
			isa = PBXVariantGroup;
			children = (
				BA4931E01E702D2600101864 /* Base */,
			);
			name = LaunchScreen.storyboard;
			sourceTree = "<group>";
		};
/* End PBXVariantGroup section */

/* Begin XCBuildConfiguration section */
		BA4931E31E702D2600101864 /* Debug */ = {
			isa = XCBuildConfiguration;
			buildSettings = {
				ALWAYS_SEARCH_USER_PATHS = NO;
				CLANG_ANALYZER_NONNULL = YES;
				CLANG_CXX_LANGUAGE_STANDARD = "gnu++0x";
				CLANG_CXX_LIBRARY = "libc++";
				CLANG_ENABLE_MODULES = YES;
				CLANG_ENABLE_OBJC_ARC = YES;
				CLANG_WARN_BOOL_CONVERSION = YES;
				CLANG_WARN_CONSTANT_CONVERSION = YES;
				CLANG_WARN_DIRECT_OBJC_ISA_USAGE = YES_ERROR;
				CLANG_WARN_DOCUMENTATION_COMMENTS = YES;
				CLANG_WARN_EMPTY_BODY = YES;
				CLANG_WARN_ENUM_CONVERSION = YES;
				CLANG_WARN_INFINITE_RECURSION = YES;
				CLANG_WARN_INT_CONVERSION = YES;
				CLANG_WARN_OBJC_ROOT_CLASS = YES_ERROR;
				CLANG_WARN_SUSPICIOUS_MOVE = YES;
				CLANG_WARN_UNREACHABLE_CODE = YES;
				CLANG_WARN__DUPLICATE_METHOD_MATCH = YES;
				"CODE_SIGN_IDENTITY[sdk=iphoneos*]" = "iPhone Developer";
				COPY_PHASE_STRIP = NO;
				DEBUG_INFORMATION_FORMAT = dwarf;
				ENABLE_STRICT_OBJC_MSGSEND = YES;
				ENABLE_TESTABILITY = YES;
				GCC_C_LANGUAGE_STANDARD = gnu99;
				GCC_DYNAMIC_NO_PIC = NO;
				GCC_NO_COMMON_BLOCKS = YES;
				GCC_OPTIMIZATION_LEVEL = 0;
				GCC_PREPROCESSOR_DEFINITIONS = (
					"DEBUG=1",
					"$(inherited)",
				);
				GCC_WARN_64_TO_32_BIT_CONVERSION = YES;
				GCC_WARN_ABOUT_RETURN_TYPE = YES_ERROR;
				GCC_WARN_UNDECLARED_SELECTOR = YES;
				GCC_WARN_UNINITIALIZED_AUTOS = YES_AGGRESSIVE;
				GCC_WARN_UNUSED_FUNCTION = YES;
				GCC_WARN_UNUSED_VARIABLE = YES;
				IPHONEOS_DEPLOYMENT_TARGET = 10.2;
				MTL_ENABLE_DEBUG_INFO = YES;
				ONLY_ACTIVE_ARCH = YES;
				SDKROOT = iphoneos;
			};
			name = Debug;
		};
		BA4931E41E702D2600101864 /* Release */ = {
			isa = XCBuildConfiguration;
			buildSettings = {
				ALWAYS_SEARCH_USER_PATHS = NO;
				CLANG_ANALYZER_NONNULL = YES;
				CLANG_CXX_LANGUAGE_STANDARD = "gnu++0x";
				CLANG_CXX_LIBRARY = "libc++";
				CLANG_ENABLE_MODULES = YES;
				CLANG_ENABLE_OBJC_ARC = YES;
				CLANG_WARN_BOOL_CONVERSION = YES;
				CLANG_WARN_CONSTANT_CONVERSION = YES;
				CLANG_WARN_DIRECT_OBJC_ISA_USAGE = YES_ERROR;
				CLANG_WARN_DOCUMENTATION_COMMENTS = YES;
				CLANG_WARN_EMPTY_BODY = YES;
				CLANG_WARN_ENUM_CONVERSION = YES;
				CLANG_WARN_INFINITE_RECURSION = YES;
				CLANG_WARN_INT_CONVERSION = YES;
				CLANG_WARN_OBJC_ROOT_CLASS = YES_ERROR;
				CLANG_WARN_SUSPICIOUS_MOVE = YES;
				CLANG_WARN_UNREACHABLE_CODE = YES;
				CLANG_WARN__DUPLICATE_METHOD_MATCH = YES;
				"CODE_SIGN_IDENTITY[sdk=iphoneos*]" = "iPhone Developer";
				COPY_PHASE_STRIP = NO;
				DEBUG_INFORMATION_FORMAT = "dwarf-with-dsym";
				ENABLE_NS_ASSERTIONS = NO;
				ENABLE_STRICT_OBJC_MSGSEND = YES;
				GCC_C_LANGUAGE_STANDARD = gnu99;
				GCC_NO_COMMON_BLOCKS = YES;
				GCC_WARN_64_TO_32_BIT_CONVERSION = YES;
				GCC_WARN_ABOUT_RETURN_TYPE = YES_ERROR;
				GCC_WARN_UNDECLARED_SELECTOR = YES;
				GCC_WARN_UNINITIALIZED_AUTOS = YES_AGGRESSIVE;
				GCC_WARN_UNUSED_FUNCTION = YES;
				GCC_WARN_UNUSED_VARIABLE = YES;
				IPHONEOS_DEPLOYMENT_TARGET = 10.2;
				MTL_ENABLE_DEBUG_INFO = NO;
				SDKROOT = iphoneos;
				VALIDATE_PRODUCT = YES;
			};
			name = Release;
		};
		BA4931E61E702D2600101864 /* Debug */ = {
			isa = XCBuildConfiguration;
			buildSettings = {
				ASSETCATALOG_COMPILER_APPICON_NAME = AppIcon;
				DEVELOPMENT_TEAM = NN7QXHC8A3;
				INFOPLIST_FILE = Hackerthon/Info.plist;
				LD_RUNPATH_SEARCH_PATHS = "$(inherited) @executable_path/Frameworks";
				PRODUCT_BUNDLE_IDENTIFIER = com.devssgg.Hackerthon;
				PRODUCT_NAME = "$(TARGET_NAME)";
			};
			name = Debug;
		};
		BA4931E71E702D2600101864 /* Release */ = {
			isa = XCBuildConfiguration;
			buildSettings = {
				ASSETCATALOG_COMPILER_APPICON_NAME = AppIcon;
				DEVELOPMENT_TEAM = NN7QXHC8A3;
				INFOPLIST_FILE = Hackerthon/Info.plist;
				LD_RUNPATH_SEARCH_PATHS = "$(inherited) @executable_path/Frameworks";
				PRODUCT_BUNDLE_IDENTIFIER = com.devssgg.Hackerthon;
				PRODUCT_NAME = "$(TARGET_NAME)";
			};
			name = Release;
		};
/* End XCBuildConfiguration section */

/* Begin XCConfigurationList section */
		BA4931C91E702D2600101864 /* Build configuration list for PBXProject "Hackerthon" */ = {
			isa = XCConfigurationList;
			buildConfigurations = (
				BA4931E31E702D2600101864 /* Debug */,
				BA4931E41E702D2600101864 /* Release */,
			);
			defaultConfigurationIsVisible = 0;
			defaultConfigurationName = Release;
		};
		BA4931E51E702D2600101864 /* Build configuration list for PBXNativeTarget "Hackerthon" */ = {
			isa = XCConfigurationList;
			buildConfigurations = (
				BA4931E61E702D2600101864 /* Debug */,
				BA4931E71E702D2600101864 /* Release */,
			);
			defaultConfigurationIsVisible = 0;
			defaultConfigurationName = Release;
		};
/* End XCConfigurationList section */
	};
	rootObject = BA4931C61E702D2600101864 /* Project object */;
}
